
Microsoft Visual Studio Solution File, Format Version 12.00
# Visual Studio Version 17
VisualStudioVersion = 17.14.36511.14 d17.14
MinimumVisualStudioVersion = 10.0.40219.1
Project("{FAE04EC0-301F-11D3-BF4B-00C04F79EFBC}") = "Actividad-IT13-1", "Actividad-IT13-1\Actividad-IT13-1.csproj", "{64786000-C01D-4141-B712-A61B25E728C8}"
EndProject
Project("{FAE04EC0-301F-11D3-BF4B-00C04F79EFBC}") = "Actividad-IT13-2", "Actividad-IT13-2\Actividad-IT13-2.csproj", "{AB18BE0F-71E0-49E4-AAEC-F66EA852DAA3}"
EndProject
Global
	GlobalSection(SolutionConfigurationPlatforms) = preSolution
		Debug|Any CPU = Debug|Any CPU
		Release|Any CPU = Release|Any CPU
	EndGlobalSection
	GlobalSection(ProjectConfigurationPlatforms) = postSolution
		{64786000-C01D-4141-B712-A61B25E728C8}.Debug|Any CPU.ActiveCfg = Debug|Any CPU
		{64786000-C01D-4141-B712-A61B25E728C8}.Debug|Any CPU.Build.0 = Debug|Any CPU
		{64786000-C01D-4141-B712-A61B25E728C8}.Release|Any CPU.ActiveCfg = Release|Any CPU
		{64786000-C01D-4141-B712-A61B25E728C8}.Release|Any CPU.Build.0 = Release|Any CPU
		{AB18BE0F-71E0-49E4-AAEC-F66EA852DAA3}.Debug|Any CPU.ActiveCfg = Debug|Any CPU
		{AB18BE0F-71E0-49E4-AAEC-F66EA852DAA3}.Debug|Any CPU.Build.0 = Debug|Any CPU
		{AB18BE0F-71E0-49E4-AAEC-F66EA852DAA3}.Release|Any CPU.ActiveCfg = Release|Any CPU
		{AB18BE0F-71E0-49E4-AAEC-F66EA852DAA3}.Release|Any CPU.Build.0 = Release|Any CPU
	EndGlobalSection
	GlobalSection(SolutionProperties) = preSolution
		HideSolutionNode = FALSE
	EndGlobalSection
	GlobalSection(ExtensibilityGlobals) = postSolution
		SolutionGuid = {77A999DA-BBF1-4DFA-8657-B176220448DF}
	EndGlobalSection
EndGlobal
