
Microsoft Visual Studio Solution File, Format Version 12.00
# Visual Studio Version 17
VisualStudioVersion = 17.14.36511.14
MinimumVisualStudioVersion = 10.0.40219.1
Project("{FAE04EC0-301F-11D3-BF4B-00C04F79EFBC}") = "CalculadoraDelegado", "CalculadoraDelegado\CalculadoraDelegado.csproj", "{61E10A6F-871A-4DB3-ACB3-8362B9E60FDD}"
EndProject
Project("{FAE04EC0-301F-11D3-BF4B-00C04F79EFBC}") = "CalculadoraEvento", "CalculadoraEvento\CalculadoraEvento.csproj", "{D28BBCED-D8F3-43FA-81A7-803347F04971}"
EndProject
Project("{FAE04EC0-301F-11D3-BF4B-00C04F79EFBC}") = "CalculadoraEvento2", "CalculadoraEvento2\CalculadoraEvento2.csproj", "{4C0A7E94-D90D-4DEC-91DE-43D9AECB65BE}"
EndProject
Global
	GlobalSection(SolutionConfigurationPlatforms) = preSolution
		Debug|Any CPU = Debug|Any CPU
		Release|Any CPU = Release|Any CPU
	EndGlobalSection
	GlobalSection(ProjectConfigurationPlatforms) = postSolution
		{61E10A6F-871A-4DB3-ACB3-8362B9E60FDD}.Debug|Any CPU.ActiveCfg = Debug|Any CPU
		{61E10A6F-871A-4DB3-ACB3-8362B9E60FDD}.Debug|Any CPU.Build.0 = Debug|Any CPU
		{61E10A6F-871A-4DB3-ACB3-8362B9E60FDD}.Release|Any CPU.ActiveCfg = Release|Any CPU
		{61E10A6F-871A-4DB3-ACB3-8362B9E60FDD}.Release|Any CPU.Build.0 = Release|Any CPU
		{D28BBCED-D8F3-43FA-81A7-803347F04971}.Debug|Any CPU.ActiveCfg = Debug|Any CPU
		{D28BBCED-D8F3-43FA-81A7-803347F04971}.Debug|Any CPU.Build.0 = Debug|Any CPU
		{D28BBCED-D8F3-43FA-81A7-803347F04971}.Release|Any CPU.ActiveCfg = Release|Any CPU
		{D28BBCED-D8F3-43FA-81A7-803347F04971}.Release|Any CPU.Build.0 = Release|Any CPU
		{4C0A7E94-D90D-4DEC-91DE-43D9AECB65BE}.Debug|Any CPU.ActiveCfg = Debug|Any CPU
		{4C0A7E94-D90D-4DEC-91DE-43D9AECB65BE}.Debug|Any CPU.Build.0 = Debug|Any CPU
		{4C0A7E94-D90D-4DEC-91DE-43D9AECB65BE}.Release|Any CPU.ActiveCfg = Release|Any CPU
		{4C0A7E94-D90D-4DEC-91DE-43D9AECB65BE}.Release|Any CPU.Build.0 = Release|Any CPU
	EndGlobalSection
	GlobalSection(SolutionProperties) = preSolution
		HideSolutionNode = FALSE
	EndGlobalSection
	GlobalSection(ExtensibilityGlobals) = postSolution
		SolutionGuid = {645350E7-DB10-4DC6-8842-254CE3C7E9FB}
	EndGlobalSection
EndGlobal
