
Microsoft Visual Studio Solution File, Format Version 12.00
# Visual Studio Version 17
VisualStudioVersion = 17.14.36511.14
MinimumVisualStudioVersion = 10.0.40219.1
Project("{FAE04EC0-301F-11D3-BF4B-00C04F79EFBC}") = "Actividad-IT9", "Actividad-IT9\Actividad-IT9.csproj", "{7CECCE1A-242D-4B0D-A79E-F1732AEA9E13}"
EndProject
Project("{FAE04EC0-301F-11D3-BF4B-00C04F79EFBC}") = "Actividad-IT9-2", "Actividad-IT9-2\Actividad-IT9-2.csproj", "{C67AAC81-120A-4551-95B5-675A8D550D32}"
EndProject
Global
	GlobalSection(SolutionConfigurationPlatforms) = preSolution
		Debug|Any CPU = Debug|Any CPU
		Release|Any CPU = Release|Any CPU
	EndGlobalSection
	GlobalSection(ProjectConfigurationPlatforms) = postSolution
		{7CECCE1A-242D-4B0D-A79E-F1732AEA9E13}.Debug|Any CPU.ActiveCfg = Debug|Any CPU
		{7CECCE1A-242D-4B0D-A79E-F1732AEA9E13}.Debug|Any CPU.Build.0 = Debug|Any CPU
		{7CECCE1A-242D-4B0D-A79E-F1732AEA9E13}.Release|Any CPU.ActiveCfg = Release|Any CPU
		{7CECCE1A-242D-4B0D-A79E-F1732AEA9E13}.Release|Any CPU.Build.0 = Release|Any CPU
		{C67AAC81-120A-4551-95B5-675A8D550D32}.Debug|Any CPU.ActiveCfg = Debug|Any CPU
		{C67AAC81-120A-4551-95B5-675A8D550D32}.Debug|Any CPU.Build.0 = Debug|Any CPU
		{C67AAC81-120A-4551-95B5-675A8D550D32}.Release|Any CPU.ActiveCfg = Release|Any CPU
		{C67AAC81-120A-4551-95B5-675A8D550D32}.Release|Any CPU.Build.0 = Release|Any CPU
	EndGlobalSection
	GlobalSection(SolutionProperties) = preSolution
		HideSolutionNode = FALSE
	EndGlobalSection
	GlobalSection(ExtensibilityGlobals) = postSolution
		SolutionGuid = {9BB5661F-DA40-462D-A7DB-401AAF085B54}
	EndGlobalSection
EndGlobal
