
Microsoft Visual Studio Solution File, Format Version 12.00
# Visual Studio Version 17
VisualStudioVersion = 17.14.36511.14 d17.14
MinimumVisualStudioVersion = 10.0.40219.1
Project("{FAE04EC0-301F-11D3-BF4B-00C04F79EFBC}") = "Actividad-IT5", "Actividad-IT5\Actividad-IT5.csproj", "{55EE39B2-0BF0-4A89-A655-21F48EFD030F}"
EndProject
Global
	GlobalSection(SolutionConfigurationPlatforms) = preSolution
		Debug|Any CPU = Debug|Any CPU
		Release|Any CPU = Release|Any CPU
	EndGlobalSection
	GlobalSection(ProjectConfigurationPlatforms) = postSolution
		{55EE39B2-0BF0-4A89-A655-21F48EFD030F}.Debug|Any CPU.ActiveCfg = Debug|Any CPU
		{55EE39B2-0BF0-4A89-A655-21F48EFD030F}.Debug|Any CPU.Build.0 = Debug|Any CPU
		{55EE39B2-0BF0-4A89-A655-21F48EFD030F}.Release|Any CPU.ActiveCfg = Release|Any CPU
		{55EE39B2-0BF0-4A89-A655-21F48EFD030F}.Release|Any CPU.Build.0 = Release|Any CPU
	EndGlobalSection
	GlobalSection(SolutionProperties) = preSolution
		HideSolutionNode = FALSE
	EndGlobalSection
	GlobalSection(ExtensibilityGlobals) = postSolution
		SolutionGuid = {8AF0989E-3C17-4608-BDE6-76F3B4D54E29}
	EndGlobalSection
EndGlobal
