
Microsoft Visual Studio Solution File, Format Version 12.00
# Visual Studio Version 17
VisualStudioVersion = 17.14.36511.14 d17.14
MinimumVisualStudioVersion = 10.0.40219.1
Project("{FAE04EC0-301F-11D3-BF4B-00C04F79EFBC}") = "ActividadIntegradoraII", "ActividadIntegradoraII\ActividadIntegradoraII.csproj", "{2C1A97D3-4FF8-4C8F-8F5E-3895DE8F1011}"
EndProject
Global
	GlobalSection(SolutionConfigurationPlatforms) = preSolution
		Debug|Any CPU = Debug|Any CPU
		Release|Any CPU = Release|Any CPU
	EndGlobalSection
	GlobalSection(ProjectConfigurationPlatforms) = postSolution
		{2C1A97D3-4FF8-4C8F-8F5E-3895DE8F1011}.Debug|Any CPU.ActiveCfg = Debug|Any CPU
		{2C1A97D3-4FF8-4C8F-8F5E-3895DE8F1011}.Debug|Any CPU.Build.0 = Debug|Any CPU
		{2C1A97D3-4FF8-4C8F-8F5E-3895DE8F1011}.Release|Any CPU.ActiveCfg = Release|Any CPU
		{2C1A97D3-4FF8-4C8F-8F5E-3895DE8F1011}.Release|Any CPU.Build.0 = Release|Any CPU
	EndGlobalSection
	GlobalSection(SolutionProperties) = preSolution
		HideSolutionNode = FALSE
	EndGlobalSection
	GlobalSection(ExtensibilityGlobals) = postSolution
		SolutionGuid = {CE7F59D2-9CF7-454A-BD60-2121AB5D32E7}
	EndGlobalSection
EndGlobal
