
Microsoft Visual Studio Solution File, Format Version 12.00
# Visual Studio Version 17
VisualStudioVersion = 17.14.36511.14
MinimumVisualStudioVersion = 10.0.40219.1
Project("{FAE04EC0-301F-11D3-BF4B-00C04F79EFBC}") = "Actividad-IT10", "Actividad-IT10\Actividad-IT10.csproj", "{83BF68FD-52CF-4E7A-83AB-358894A55D7F}"
EndProject
Project("{FAE04EC0-301F-11D3-BF4B-00C04F79EFBC}") = "Actividad-IT10-2", "Actividad-IT10-2\Actividad-IT10-2.csproj", "{7FE1D984-8990-4B87-A2A5-D1012EB0958E}"
EndProject
Global
	GlobalSection(SolutionConfigurationPlatforms) = preSolution
		Debug|Any CPU = Debug|Any CPU
		Release|Any CPU = Release|Any CPU
	EndGlobalSection
	GlobalSection(ProjectConfigurationPlatforms) = postSolution
		{83BF68FD-52CF-4E7A-83AB-358894A55D7F}.Debug|Any CPU.ActiveCfg = Debug|Any CPU
		{83BF68FD-52CF-4E7A-83AB-358894A55D7F}.Debug|Any CPU.Build.0 = Debug|Any CPU
		{83BF68FD-52CF-4E7A-83AB-358894A55D7F}.Release|Any CPU.ActiveCfg = Release|Any CPU
		{83BF68FD-52CF-4E7A-83AB-358894A55D7F}.Release|Any CPU.Build.0 = Release|Any CPU
		{7FE1D984-8990-4B87-A2A5-D1012EB0958E}.Debug|Any CPU.ActiveCfg = Debug|Any CPU
		{7FE1D984-8990-4B87-A2A5-D1012EB0958E}.Debug|Any CPU.Build.0 = Debug|Any CPU
		{7FE1D984-8990-4B87-A2A5-D1012EB0958E}.Release|Any CPU.ActiveCfg = Release|Any CPU
		{7FE1D984-8990-4B87-A2A5-D1012EB0958E}.Release|Any CPU.Build.0 = Release|Any CPU
	EndGlobalSection
	GlobalSection(SolutionProperties) = preSolution
		HideSolutionNode = FALSE
	EndGlobalSection
	GlobalSection(ExtensibilityGlobals) = postSolution
		SolutionGuid = {28E3068E-B743-4016-AEEC-76A794B7349C}
	EndGlobalSection
EndGlobal
