
Microsoft Visual Studio Solution File, Format Version 12.00
# Visual Studio Version 16
VisualStudioVersion = 16.0.36324.18
MinimumVisualStudioVersion = 10.0.40219.1
Project("{FAE04EC0-301F-11D3-BF4B-00C04F79EFBC}") = "TPI1-Itinerario4", "TPI1-Itinerario4\TPI1-Itinerario4.csproj", "{C2CE1C78-9325-431D-A5DC-21DDE0A49E72}"
EndProject
Project("{FAE04EC0-301F-11D3-BF4B-00C04F79EFBC}") = "ActividadIntegradora1", "ActividadIntegradora1\ActividadIntegradora1.csproj", "{9B164DA3-058D-4DF9-B86F-3DBC82B17D2A}"
EndProject
Global
	GlobalSection(SolutionConfigurationPlatforms) = preSolution
		Debug|Any CPU = Debug|Any CPU
		Release|Any CPU = Release|Any CPU
	EndGlobalSection
	GlobalSection(ProjectConfigurationPlatforms) = postSolution
		{C2CE1C78-9325-431D-A5DC-21DDE0A49E72}.Debug|Any CPU.ActiveCfg = Debug|Any CPU
		{C2CE1C78-9325-431D-A5DC-21DDE0A49E72}.Debug|Any CPU.Build.0 = Debug|Any CPU
		{C2CE1C78-9325-431D-A5DC-21DDE0A49E72}.Release|Any CPU.ActiveCfg = Release|Any CPU
		{C2CE1C78-9325-431D-A5DC-21DDE0A49E72}.Release|Any CPU.Build.0 = Release|Any CPU
		{9B164DA3-058D-4DF9-B86F-3DBC82B17D2A}.Debug|Any CPU.ActiveCfg = Debug|Any CPU
		{9B164DA3-058D-4DF9-B86F-3DBC82B17D2A}.Debug|Any CPU.Build.0 = Debug|Any CPU
		{9B164DA3-058D-4DF9-B86F-3DBC82B17D2A}.Release|Any CPU.ActiveCfg = Release|Any CPU
		{9B164DA3-058D-4DF9-B86F-3DBC82B17D2A}.Release|Any CPU.Build.0 = Release|Any CPU
	EndGlobalSection
	GlobalSection(SolutionProperties) = preSolution
		HideSolutionNode = FALSE
	EndGlobalSection
	GlobalSection(ExtensibilityGlobals) = postSolution
		SolutionGuid = {4DEDFFBA-C34D-4B1F-8E46-4EAC798A7772}
	EndGlobalSection
EndGlobal
