
Microsoft Visual Studio Solution File, Format Version 12.00
# Visual Studio Version 17
VisualStudioVersion = 17.14.36511.14 d17.14
MinimumVisualStudioVersion = 10.0.40219.1
Project("{FAE04EC0-301F-11D3-BF4B-00C04F79EFBC}") = "Actividad-IT12", "Actividad-IT12\Actividad-IT12.csproj", "{507703C9-DFBA-40DC-8944-E761318A77F5}"
EndProject
Project("{FAE04EC0-301F-11D3-BF4B-00C04F79EFBC}") = "Actividad-IT12-2", "Actividad-IT12-2\Actividad-IT12-2.csproj", "{85F4EB06-E898-47AF-89AF-0445935E4F58}"
EndProject
Global
	GlobalSection(SolutionConfigurationPlatforms) = preSolution
		Debug|Any CPU = Debug|Any CPU
		Release|Any CPU = Release|Any CPU
	EndGlobalSection
	GlobalSection(ProjectConfigurationPlatforms) = postSolution
		{507703C9-DFBA-40DC-8944-E761318A77F5}.Debug|Any CPU.ActiveCfg = Debug|Any CPU
		{507703C9-DFBA-40DC-8944-E761318A77F5}.Debug|Any CPU.Build.0 = Debug|Any CPU
		{507703C9-DFBA-40DC-8944-E761318A77F5}.Release|Any CPU.ActiveCfg = Release|Any CPU
		{507703C9-DFBA-40DC-8944-E761318A77F5}.Release|Any CPU.Build.0 = Release|Any CPU
		{85F4EB06-E898-47AF-89AF-0445935E4F58}.Debug|Any CPU.ActiveCfg = Debug|Any CPU
		{85F4EB06-E898-47AF-89AF-0445935E4F58}.Debug|Any CPU.Build.0 = Debug|Any CPU
		{85F4EB06-E898-47AF-89AF-0445935E4F58}.Release|Any CPU.ActiveCfg = Release|Any CPU
		{85F4EB06-E898-47AF-89AF-0445935E4F58}.Release|Any CPU.Build.0 = Release|Any CPU
	EndGlobalSection
	GlobalSection(SolutionProperties) = preSolution
		HideSolutionNode = FALSE
	EndGlobalSection
	GlobalSection(ExtensibilityGlobals) = postSolution
		SolutionGuid = {E1482E8D-886E-4310-A5F1-7FEEDDA62D74}
	EndGlobalSection
EndGlobal
